
Microsoft Visual Studio Solution File, Format Version 12.00
# Visual Studio Version 17
VisualStudioVersion = 17.8.34330.188
MinimumVisualStudioVersion = 10.0.40219.1
Project("{FAE04EC0-301F-11D3-BF4B-00C04F79EFBC}") = "Logs reader", "Logs reader\Logs reader.csproj", "{48D26BC6-B5E5-4263-8EA6-3B6AC01079BC}"
EndProject
Global
	GlobalSection(SolutionConfigurationPlatforms) = preSolution
		Debug|Any CPU = Debug|Any CPU
		Release|Any CPU = Release|Any CPU
	EndGlobalSection
	GlobalSection(ProjectConfigurationPlatforms) = postSolution
		{48D26BC6-B5E5-4263-8EA6-3B6AC01079BC}.Debug|Any CPU.ActiveCfg = Debug|Any CPU
		{48D26BC6-B5E5-4263-8EA6-3B6AC01079BC}.Debug|Any CPU.Build.0 = Debug|Any CPU
		{48D26BC6-B5E5-4263-8EA6-3B6AC01079BC}.Release|Any CPU.ActiveCfg = Release|Any CPU
		{48D26BC6-B5E5-4263-8EA6-3B6AC01079BC}.Release|Any CPU.Build.0 = Release|Any CPU
	EndGlobalSection
	GlobalSection(SolutionProperties) = preSolution
		HideSolutionNode = FALSE
	EndGlobalSection
	GlobalSection(ExtensibilityGlobals) = postSolution
		SolutionGuid = {88E1476E-48F0-4638-AF69-0C3971595853}
	EndGlobalSection
EndGlobal
